
Microsoft Visual Studio Solution File, Format Version 12.00
# Visual Studio Version 16
VisualStudioVersion = 16.0.30413.136
MinimumVisualStudioVersion = 10.0.40219.1
Project("{FAE04EC0-301F-11D3-BF4B-00C04F79EFBC}") = "IISDataRetriever", "IISDataRetriever\IISDataRetriever.csproj", "{FC2B7037-88BA-490A-A02A-F78F409BD75E}"
EndProject
Global
	GlobalSection(SolutionConfigurationPlatforms) = preSolution
		Debug|Any CPU = Debug|Any CPU
		Release|Any CPU = Release|Any CPU
	EndGlobalSection
	GlobalSection(ProjectConfigurationPlatforms) = postSolution
		{FC2B7037-88BA-490A-A02A-F78F409BD75E}.Debug|Any CPU.ActiveCfg = Debug|Any CPU
		{FC2B7037-88BA-490A-A02A-F78F409BD75E}.Debug|Any CPU.Build.0 = Debug|Any CPU
		{FC2B7037-88BA-490A-A02A-F78F409BD75E}.Release|Any CPU.ActiveCfg = Release|Any CPU
		{FC2B7037-88BA-490A-A02A-F78F409BD75E}.Release|Any CPU.Build.0 = Release|Any CPU
	EndGlobalSection
	GlobalSection(SolutionProperties) = preSolution
		HideSolutionNode = FALSE
	EndGlobalSection
	GlobalSection(ExtensibilityGlobals) = postSolution
		SolutionGuid = {3C52EA6A-BB1F-43F8-AA10-F2C12B2E8833}
	EndGlobalSection
EndGlobal
