
Microsoft Visual Studio Solution File, Format Version 12.00
# Visual Studio Version 16
VisualStudioVersion = 16.0.30413.136
MinimumVisualStudioVersion = 10.0.40219.1
Project("{FAE04EC0-301F-11D3-BF4B-00C04F79EFBC}") = "IISEasyManager", "IISEasyManager\IISEasyManager.csproj", "{2E3CE3E5-45B0-4EBC-BB8F-A3350AB6838E}"
EndProject
Global
	GlobalSection(SolutionConfigurationPlatforms) = preSolution
		Debug|Any CPU = Debug|Any CPU
		Release|Any CPU = Release|Any CPU
	EndGlobalSection
	GlobalSection(ProjectConfigurationPlatforms) = postSolution
		{2E3CE3E5-45B0-4EBC-BB8F-A3350AB6838E}.Debug|Any CPU.ActiveCfg = Debug|Any CPU
		{2E3CE3E5-45B0-4EBC-BB8F-A3350AB6838E}.Debug|Any CPU.Build.0 = Debug|Any CPU
		{2E3CE3E5-45B0-4EBC-BB8F-A3350AB6838E}.Release|Any CPU.ActiveCfg = Release|Any CPU
		{2E3CE3E5-45B0-4EBC-BB8F-A3350AB6838E}.Release|Any CPU.Build.0 = Release|Any CPU
	EndGlobalSection
	GlobalSection(SolutionProperties) = preSolution
		HideSolutionNode = FALSE
	EndGlobalSection
	GlobalSection(ExtensibilityGlobals) = postSolution
		SolutionGuid = {4CD76922-D682-4FD3-ADB3-410D82A3439C}
	EndGlobalSection
EndGlobal
